// !$*UTF8*$!
{
	archiveVersion = 1;
	classes = {
	};
	objectVersion = 46;
	objects = {

/* Begin PBXBuildFile section */
		504C3B091CAA645600A10874 /* AppDelegate.swift in Sources */ = {isa = PBXBuildFile; fileRef = 504C3B081CAA645600A10874 /* AppDelegate.swift */; };
		504C3B0B1CAA645600A10874 /* ViewController.swift in Sources */ = {isa = PBXBuildFile; fileRef = 504C3B0A1CAA645600A10874 /* ViewController.swift */; };
		504C3B0E1CAA645600A10874 /* Main.storyboard in Resources */ = {isa = PBXBuildFile; fileRef = 504C3B0C1CAA645600A10874 /* Main.storyboard */; };
		504C3B101CAA645600A10874 /* Images.xcassets in Resources */ = {isa = PBXBuildFile; fileRef = 504C3B0F1CAA645600A10874 /* Images.xcassets */; };
		504C3B131CAA645600A10874 /* LaunchScreen.xib in Resources */ = {isa = PBXBuildFile; fileRef = 504C3B111CAA645600A10874 /* LaunchScreen.xib */; };
		504C3B1F1CAA645600A10874 /* Date_Calendar_EventsTests.swift in Sources */ = {isa = PBXBuildFile; fileRef = 504C3B1E1CAA645600A10874 /* Date_Calendar_EventsTests.swift */; };
		50F781AD1CAA82E7003EF935 /* CalendarEventsController.swift in Sources */ = {isa = PBXBuildFile; fileRef = 50F781AC1CAA82E7003EF935 /* CalendarEventsController.swift */; };
/* End PBXBuildFile section */

/* Begin PBXContainerItemProxy section */
		504C3B191CAA645600A10874 /* PBXContainerItemProxy */ = {
			isa = PBXContainerItemProxy;
			containerPortal = 504C3AFB1CAA645600A10874 /* Project object */;
			proxyType = 1;
			remoteGlobalIDString = 504C3B021CAA645600A10874;
			remoteInfo = "Date-Calendar-Events";
		};
/* End PBXContainerItemProxy section */

/* Begin PBXFileReference section */
		504C3B031CAA645600A10874 /* Date-Calendar-Events.app */ = {isa = PBXFileReference; explicitFileType = wrapper.application; includeInIndex = 0; path = "Date-Calendar-Events.app"; sourceTree = BUILT_PRODUCTS_DIR; };
		504C3B071CAA645600A10874 /* Info.plist */ = {isa = PBXFileReference; lastKnownFileType = text.plist.xml; path = Info.plist; sourceTree = "<group>"; };
		504C3B081CAA645600A10874 /* AppDelegate.swift */ = {isa = PBXFileReference; lastKnownFileType = sourcecode.swift; path = AppDelegate.swift; sourceTree = "<group>"; };
		504C3B0A1CAA645600A10874 /* ViewController.swift */ = {isa = PBXFileReference; lastKnownFileType = sourcecode.swift; path = ViewController.swift; sourceTree = "<group>"; };
		504C3B0D1CAA645600A10874 /* Base */ = {isa = PBXFileReference; lastKnownFileType = file.storyboard; name = Base; path = Base.lproj/Main.storyboard; sourceTree = "<group>"; };
		504C3B0F1CAA645600A10874 /* Images.xcassets */ = {isa = PBXFileReference; lastKnownFileType = folder.assetcatalog; path = Images.xcassets; sourceTree = "<group>"; };
		504C3B121CAA645600A10874 /* Base */ = {isa = PBXFileReference; lastKnownFileType = file.xib; name = Base; path = Base.lproj/LaunchScreen.xib; sourceTree = "<group>"; };
		504C3B181CAA645600A10874 /* Date-Calendar-EventsTests.xctest */ = {isa = PBXFileReference; explicitFileType = wrapper.cfbundle; includeInIndex = 0; path = "Date-Calendar-EventsTests.xctest"; sourceTree = BUILT_PRODUCTS_DIR; };
		504C3B1D1CAA645600A10874 /* Info.plist */ = {isa = PBXFileReference; lastKnownFileType = text.plist.xml; path = Info.plist; sourceTree = "<group>"; };
		504C3B1E1CAA645600A10874 /* Date_Calendar_EventsTests.swift */ = {isa = PBXFileReference; lastKnownFileType = sourcecode.swift; path = Date_Calendar_EventsTests.swift; sourceTree = "<group>"; };
		50F781AC1CAA82E7003EF935 /* CalendarEventsController.swift */ = {isa = PBXFileReference; fileEncoding = 4; lastKnownFileType = sourcecode.swift; path = CalendarEventsController.swift; sourceTree = "<group>"; };
/* End PBXFileReference section */

/* Begin PBXFrameworksBuildPhase section */
		504C3B001CAA645600A10874 /* Frameworks */ = {
			isa = PBXFrameworksBuildPhase;
			buildActionMask = 2147483647;
			files = (
			);
			runOnlyForDeploymentPostprocessing = 0;
		};
		504C3B151CAA645600A10874 /* Frameworks */ = {
			isa = PBXFrameworksBuildPhase;
			buildActionMask = 2147483647;
			files = (
			);
			runOnlyForDeploymentPostprocessing = 0;
		};
/* End PBXFrameworksBuildPhase section */

/* Begin PBXGroup section */
		504C3AFA1CAA645600A10874 = {
			isa = PBXGroup;
			children = (
				504C3B051CAA645600A10874 /* Date-Calendar-Events */,
				504C3B1B1CAA645600A10874 /* Date-Calendar-EventsTests */,
				504C3B041CAA645600A10874 /* Products */,
			);
			sourceTree = "<group>";
		};
		504C3B041CAA645600A10874 /* Products */ = {
			isa = PBXGroup;
			children = (
				504C3B031CAA645600A10874 /* Date-Calendar-Events.app */,
				504C3B181CAA645600A10874 /* Date-Calendar-EventsTests.xctest */,
			);
			name = Products;
			sourceTree = "<group>";
		};
		504C3B051CAA645600A10874 /* Date-Calendar-Events */ = {
			isa = PBXGroup;
			children = (
				504C3B081CAA645600A10874 /* AppDelegate.swift */,
				504C3B0A1CAA645600A10874 /* ViewController.swift */,
				50F781AC1CAA82E7003EF935 /* CalendarEventsController.swift */,
				504C3B0C1CAA645600A10874 /* Main.storyboard */,
				504C3B0F1CAA645600A10874 /* Images.xcassets */,
				504C3B111CAA645600A10874 /* LaunchScreen.xib */,
				504C3B061CAA645600A10874 /* Supporting Files */,
			);
			path = "Date-Calendar-Events";
			sourceTree = "<group>";
		};
		504C3B061CAA645600A10874 /* Supporting Files */ = {
			isa = PBXGroup;
			children = (
				504C3B071CAA645600A10874 /* Info.plist */,
			);
			name = "Supporting Files";
			sourceTree = "<group>";
		};
		504C3B1B1CAA645600A10874 /* Date-Calendar-EventsTests */ = {
			isa = PBXGroup;
			children = (
				504C3B1E1CAA645600A10874 /* Date_Calendar_EventsTests.swift */,
				504C3B1C1CAA645600A10874 /* Supporting Files */,
			);
			path = "Date-Calendar-EventsTests";
			sourceTree = "<group>";
		};
		504C3B1C1CAA645600A10874 /* Supporting Files */ = {
			isa = PBXGroup;
			children = (
				504C3B1D1CAA645600A10874 /* Info.plist */,
			);
			name = "Supporting Files";
			sourceTree = "<group>";
		};
/* End PBXGroup section */

/* Begin PBXNativeTarget section */
		504C3B021CAA645600A10874 /* Date-Calendar-Events */ = {
			isa = PBXNativeTarget;
			buildConfigurationList = 504C3B221CAA645600A10874 /* Build configuration list for PBXNativeTarget "Date-Calendar-Events" */;
			buildPhases = (
				504C3AFF1CAA645600A10874 /* Sources */,
				504C3B001CAA645600A10874 /* Frameworks */,
				504C3B011CAA645600A10874 /* Resources */,
			);
			buildRules = (
			);
			dependencies = (
			);
			name = "Date-Calendar-Events";
			productName = "Date-Calendar-Events";
			productReference = 504C3B031CAA645600A10874 /* Date-Calendar-Events.app */;
			productType = "com.apple.product-type.application";
		};
		504C3B171CAA645600A10874 /* Date-Calendar-EventsTests */ = {
			isa = PBXNativeTarget;
			buildConfigurationList = 504C3B251CAA645600A10874 /* Build configuration list for PBXNativeTarget "Date-Calendar-EventsTests" */;
			buildPhases = (
				504C3B141CAA645600A10874 /* Sources */,
				504C3B151CAA645600A10874 /* Frameworks */,
				504C3B161CAA645600A10874 /* Resources */,
			);
			buildRules = (
			);
			dependencies = (
				504C3B1A1CAA645600A10874 /* PBXTargetDependency */,
			);
			name = "Date-Calendar-EventsTests";
			productName = "Date-Calendar-EventsTests";
			productReference = 504C3B181CAA645600A10874 /* Date-Calendar-EventsTests.xctest */;
			productType = "com.apple.product-type.bundle.unit-test";
		};
/* End PBXNativeTarget section */

/* Begin PBXProject section */
		504C3AFB1CAA645600A10874 /* Project object */ = {
			isa = PBXProject;
			attributes = {
				LastUpgradeCheck = 0610;
				ORGANIZATIONNAME = Enclave;
				TargetAttributes = {
					504C3B021CAA645600A10874 = {
						CreatedOnToolsVersion = 6.1;
					};
					504C3B171CAA645600A10874 = {
						CreatedOnToolsVersion = 6.1;
						TestTargetID = 504C3B021CAA645600A10874;
					};
				};
			};
			buildConfigurationList = 504C3AFE1CAA645600A10874 /* Build configuration list for PBXProject "Date-Calendar-Events" */;
			compatibilityVersion = "Xcode 3.2";
			developmentRegion = English;
			hasScannedForEncodings = 0;
			knownRegions = (
				en,
				Base,
			);
			mainGroup = 504C3AFA1CAA645600A10874;
			productRefGroup = 504C3B041CAA645600A10874 /* Products */;
			projectDirPath = "";
			projectRoot = "";
			targets = (
				504C3B021CAA645600A10874 /* Date-Calendar-Events */,
				504C3B171CAA645600A10874 /* Date-Calendar-EventsTests */,
			);
		};
/* End PBXProject section */

/* Begin PBXResourcesBuildPhase section */
		504C3B011CAA645600A10874 /* Resources */ = {
			isa = PBXResourcesBuildPhase;
			buildActionMask = 2147483647;
			files = (
				504C3B0E1CAA645600A10874 /* Main.storyboard in Resources */,
				504C3B131CAA645600A10874 /* LaunchScreen.xib in Resources */,
				504C3B101CAA645600A10874 /* Images.xcassets in Resources */,
			);
			runOnlyForDeploymentPostprocessing = 0;
		};
		504C3B161CAA645600A10874 /* Resources */ = {
			isa = PBXResourcesBuildPhase;
			buildActionMask = 2147483647;
			files = (
			);
			runOnlyForDeploymentPostprocessing = 0;
		};
/* End PBXResourcesBuildPhase section */

/* Begin PBXSourcesBuildPhase section */
		504C3AFF1CAA645600A10874 /* Sources */ = {
			isa = PBXSourcesBuildPhase;
			buildActionMask = 2147483647;
			files = (
				504C3B0B1CAA645600A10874 /* ViewController.swift in Sources */,
				50F781AD1CAA82E7003EF935 /* CalendarEventsController.swift in Sources */,
				504C3B091CAA645600A10874 /* AppDelegate.swift in Sources */,
			);
			runOnlyForDeploymentPostprocessing = 0;
		};
		504C3B141CAA645600A10874 /* Sources */ = {
			isa = PBXSourcesBuildPhase;
			buildActionMask = 2147483647;
			files = (
				504C3B1F1CAA645600A10874 /* Date_Calendar_EventsTests.swift in Sources */,
			);
			runOnlyForDeploymentPostprocessing = 0;
		};
/* End PBXSourcesBuildPhase section */

/* Begin PBXTargetDependency section */
		504C3B1A1CAA645600A10874 /* PBXTargetDependency */ = {
			isa = PBXTargetDependency;
			target = 504C3B021CAA645600A10874 /* Date-Calendar-Events */;
			targetProxy = 504C3B191CAA645600A10874 /* PBXContainerItemProxy */;
		};
/* End PBXTargetDependency section */

/* Begin PBXVariantGroup section */
		504C3B0C1CAA645600A10874 /* Main.storyboard */ = {
			isa = PBXVariantGroup;
			children = (
				504C3B0D1CAA645600A10874 /* Base */,
			);
			name = Main.storyboard;
			sourceTree = "<group>";
		};
		504C3B111CAA645600A10874 /* LaunchScreen.xib */ = {
			isa = PBXVariantGroup;
			children = (
				504C3B121CAA645600A10874 /* Base */,
			);
			name = LaunchScreen.xib;
			sourceTree = "<group>";
		};
/* End PBXVariantGroup section */

/* Begin XCBuildConfiguration section */
		504C3B201CAA645600A10874 /* Debug */ = {
			isa = XCBuildConfiguration;
			buildSettings = {
				ALWAYS_SEARCH_USER_PATHS = NO;
				CLANG_CXX_LANGUAGE_STANDARD = "gnu++0x";
				CLANG_CXX_LIBRARY = "libc++";
				CLANG_ENABLE_MODULES = YES;
				CLANG_ENABLE_OBJC_ARC = YES;
				CLANG_WARN_BOOL_CONVERSION = YES;
				CLANG_WARN_CONSTANT_CONVERSION = YES;
				CLANG_WARN_DIRECT_OBJC_ISA_USAGE = YES_ERROR;
				CLANG_WARN_EMPTY_BODY = YES;
				CLANG_WARN_ENUM_CONVERSION = YES;
				CLANG_WARN_INT_CONVERSION = YES;
				CLANG_WARN_OBJC_ROOT_CLASS = YES_ERROR;
				CLANG_WARN_UNREACHABLE_CODE = YES;
				CLANG_WARN__DUPLICATE_METHOD_MATCH = YES;
				"CODE_SIGN_IDENTITY[sdk=iphoneos*]" = "iPhone Developer";
				COPY_PHASE_STRIP = NO;
				ENABLE_STRICT_OBJC_MSGSEND = YES;
				GCC_C_LANGUAGE_STANDARD = gnu99;
				GCC_DYNAMIC_NO_PIC = NO;
				GCC_OPTIMIZATION_LEVEL = 0;
				GCC_PREPROCESSOR_DEFINITIONS = (
					"DEBUG=1",
					"$(inherited)",
				);
				GCC_SYMBOLS_PRIVATE_EXTERN = NO;
				GCC_WARN_64_TO_32_BIT_CONVERSION = YES;
				GCC_WARN_ABOUT_RETURN_TYPE = YES_ERROR;
				GCC_WARN_UNDECLARED_SELECTOR = YES;
				GCC_WARN_UNINITIALIZED_AUTOS = YES_AGGRESSIVE;
				GCC_WARN_UNUSED_FUNCTION = YES;
				GCC_WARN_UNUSED_VARIABLE = YES;
				IPHONEOS_DEPLOYMENT_TARGET = 8.1;
				MTL_ENABLE_DEBUG_INFO = YES;
				ONLY_ACTIVE_ARCH = YES;
				SDKROOT = iphoneos;
				SWIFT_OPTIMIZATION_LEVEL = "-Onone";
			};
			name = Debug;
		};
		504C3B211CAA645600A10874 /* Release */ = {
			isa = XCBuildConfiguration;
			buildSettings = {
				ALWAYS_SEARCH_USER_PATHS = NO;
				CLANG_CXX_LANGUAGE_STANDARD = "gnu++0x";
				CLANG_CXX_LIBRARY = "libc++";
				CLANG_ENABLE_MODULES = YES;
				CLANG_ENABLE_OBJC_ARC = YES;
				CLANG_WARN_BOOL_CONVERSION = YES;
				CLANG_WARN_CONSTANT_CONVERSION = YES;
				CLANG_WARN_DIRECT_OBJC_ISA_USAGE = YES_ERROR;
				CLANG_WARN_EMPTY_BODY = YES;
				CLANG_WARN_ENUM_CONVERSION = YES;
				CLANG_WARN_INT_CONVERSION = YES;
				CLANG_WARN_OBJC_ROOT_CLASS = YES_ERROR;
				CLANG_WARN_UNREACHABLE_CODE = YES;
				CLANG_WARN__DUPLICATE_METHOD_MATCH = YES;
				"CODE_SIGN_IDENTITY[sdk=iphoneos*]" = "iPhone Developer";
				COPY_PHASE_STRIP = YES;
				ENABLE_NS_ASSERTIONS = NO;
				ENABLE_STRICT_OBJC_MSGSEND = YES;
				GCC_C_LANGUAGE_STANDARD = gnu99;
				GCC_WARN_64_TO_32_BIT_CONVERSION = YES;
				GCC_WARN_ABOUT_RETURN_TYPE = YES_ERROR;
				GCC_WARN_UNDECLARED_SELECTOR = YES;
				GCC_WARN_UNINITIALIZED_AUTOS = YES_AGGRESSIVE;
				GCC_WARN_UNUSED_FUNCTION = YES;
				GCC_WARN_UNUSED_VARIABLE = YES;
				IPHONEOS_DEPLOYMENT_TARGET = 8.1;
				MTL_ENABLE_DEBUG_INFO = NO;
				SDKROOT = iphoneos;
				VALIDATE_PRODUCT = YES;
			};
			name = Release;
		};
		504C3B231CAA645600A10874 /* Debug */ = {
			isa = XCBuildConfiguration;
			buildSettings = {
				ASSETCATALOG_COMPILER_APPICON_NAME = AppIcon;
				INFOPLIST_FILE = "Date-Calendar-Events/Info.plist";
				LD_RUNPATH_SEARCH_PATHS = "$(inherited) @executable_path/Frameworks";
				PRODUCT_NAME = "$(TARGET_NAME)";
			};
			name = Debug;
		};
		504C3B241CAA645600A10874 /* Release */ = {
			isa = XCBuildConfiguration;
			buildSettings = {
				ASSETCATALOG_COMPILER_APPICON_NAME = AppIcon;
				INFOPLIST_FILE = "Date-Calendar-Events/Info.plist";
				LD_RUNPATH_SEARCH_PATHS = "$(inherited) @executable_path/Frameworks";
				PRODUCT_NAME = "$(TARGET_NAME)";
			};
			name = Release;
		};
		504C3B261CAA645600A10874 /* Debug */ = {
			isa = XCBuildConfiguration;
			buildSettings = {
				BUNDLE_LOADER = "$(TEST_HOST)";
				FRAMEWORK_SEARCH_PATHS = (
					"$(SDKROOT)/Developer/Library/Frameworks",
					"$(inherited)",
				);
				GCC_PREPROCESSOR_DEFINITIONS = (
					"DEBUG=1",
					"$(inherited)",
				);
				INFOPLIST_FILE = "Date-Calendar-EventsTests/Info.plist";
				LD_RUNPATH_SEARCH_PATHS = "$(inherited) @executable_path/Frameworks @loader_path/Frameworks";
				PRODUCT_NAME = "$(TARGET_NAME)";
				TEST_HOST = "$(BUILT_PRODUCTS_DIR)/Date-Calendar-Events.app/Date-Calendar-Events";
			};
			name = Debug;
		};
		504C3B271CAA645600A10874 /* Release */ = {
			isa = XCBuildConfiguration;
			buildSettings = {
				BUNDLE_LOADER = "$(TEST_HOST)";
				FRAMEWORK_SEARCH_PATHS = (
					"$(SDKROOT)/Developer/Library/Frameworks",
					"$(inherited)",
				);
				INFOPLIST_FILE = "Date-Calendar-EventsTests/Info.plist";
				LD_RUNPATH_SEARCH_PATHS = "$(inherited) @executable_path/Frameworks @loader_path/Frameworks";
				PRODUCT_NAME = "$(TARGET_NAME)";
				TEST_HOST = "$(BUILT_PRODUCTS_DIR)/Date-Calendar-Events.app/Date-Calendar-Events";
			};
			name = Release;
		};
/* End XCBuildConfiguration section */

/* Begin XCConfigurationList section */
		504C3AFE1CAA645600A10874 /* Build configuration list for PBXProject "Date-Calendar-Events" */ = {
			isa = XCConfigurationList;
			buildConfigurations = (
				504C3B201CAA645600A10874 /* Debug */,
				504C3B211CAA645600A10874 /* Release */,
			);
			defaultConfigurationIsVisible = 0;
			defaultConfigurationName = Release;
		};
		504C3B221CAA645600A10874 /* Build configuration list for PBXNativeTarget "Date-Calendar-Events" */ = {
			isa = XCConfigurationList;
			buildConfigurations = (
				504C3B231CAA645600A10874 /* Debug */,
				504C3B241CAA645600A10874 /* Release */,
			);
			defaultConfigurationIsVisible = 0;
			defaultConfigurationName = Release;
		};
		504C3B251CAA645600A10874 /* Build configuration list for PBXNativeTarget "Date-Calendar-EventsTests" */ = {
			isa = XCConfigurationList;
			buildConfigurations = (
				504C3B261CAA645600A10874 /* Debug */,
				504C3B271CAA645600A10874 /* Release */,
			);
			defaultConfigurationIsVisible = 0;
			defaultConfigurationName = Release;
		};
/* End XCConfigurationList section */
	};
	rootObject = 504C3AFB1CAA645600A10874 /* Project object */;
}
